
Microsoft Visual Studio Solution File, Format Version 12.00
# Visual Studio Version 17
VisualStudioVersion = 17.0.31903.59
MinimumVisualStudioVersion = 10.0.40219.1
Project("{FAE04EC0-301F-11D3-BF4B-00C04F79EFBC}") = "PrimeService", "PrimeService\PrimeService.csproj", "{2AEC1A44-6E52-4858-B989-747757C57E4F}"
EndProject
Project("{FAE04EC0-301F-11D3-BF4B-00C04F79EFBC}") = "PrimeService.Tests", "PrimeService.Tests\PrimeService.Tests.csproj", "{BEA7899B-A2BD-4DCA-AE50-90A50AFFA915}"
EndProject
Global
	GlobalSection(SolutionConfigurationPlatforms) = preSolution
		Debug|Any CPU = Debug|Any CPU
		Release|Any CPU = Release|Any CPU
	EndGlobalSection
	GlobalSection(SolutionProperties) = preSolution
		HideSolutionNode = FALSE
	EndGlobalSection
	GlobalSection(ProjectConfigurationPlatforms) = postSolution
		{2AEC1A44-6E52-4858-B989-747757C57E4F}.Debug|Any CPU.ActiveCfg = Debug|Any CPU
		{2AEC1A44-6E52-4858-B989-747757C57E4F}.Debug|Any CPU.Build.0 = Debug|Any CPU
		{2AEC1A44-6E52-4858-B989-747757C57E4F}.Release|Any CPU.ActiveCfg = Release|Any CPU
		{2AEC1A44-6E52-4858-B989-747757C57E4F}.Release|Any CPU.Build.0 = Release|Any CPU
		{BEA7899B-A2BD-4DCA-AE50-90A50AFFA915}.Debug|Any CPU.ActiveCfg = Debug|Any CPU
		{BEA7899B-A2BD-4DCA-AE50-90A50AFFA915}.Debug|Any CPU.Build.0 = Debug|Any CPU
		{BEA7899B-A2BD-4DCA-AE50-90A50AFFA915}.Release|Any CPU.ActiveCfg = Release|Any CPU
		{BEA7899B-A2BD-4DCA-AE50-90A50AFFA915}.Release|Any CPU.Build.0 = Release|Any CPU
	EndGlobalSection
EndGlobal
